// !$*UTF8*$!
{
	archiveVersion = 1;
	classes = {
	};
	objectVersion = 50;
	objects = {

/* Begin PBXBuildFile section */
		4D5D9CF420F3CBC100A0F807 /* AppDelegate.m in Sources */ = {isa = PBXBuildFile; fileRef = 4D5D9CF320F3CBC100A0F807 /* AppDelegate.m */; };
		4D5D9CF720F3CBC100A0F807 /* ViewController.m in Sources */ = {isa = PBXBuildFile; fileRef = 4D5D9CF620F3CBC100A0F807 /* ViewController.m */; };
		4D5D9CFA20F3CBC100A0F807 /* Main.storyboard in Resources */ = {isa = PBXBuildFile; fileRef = 4D5D9CF820F3CBC100A0F807 /* Main.storyboard */; };
		4D5D9CFC20F3CBC300A0F807 /* Assets.xcassets in Resources */ = {isa = PBXBuildFile; fileRef = 4D5D9CFB20F3CBC300A0F807 /* Assets.xcassets */; };
		4D5D9CFF20F3CBC300A0F807 /* LaunchScreen.storyboard in Resources */ = {isa = PBXBuildFile; fileRef = 4D5D9CFD20F3CBC300A0F807 /* LaunchScreen.storyboard */; };
		4D5D9D0220F3CBC300A0F807 /* main.m in Sources */ = {isa = PBXBuildFile; fileRef = 4D5D9D0120F3CBC300A0F807 /* main.m */; };
		4D5D9D0C20F3CBC300A0F807 /* InstagramTests.m in Sources */ = {isa = PBXBuildFile; fileRef = 4D5D9D0B20F3CBC300A0F807 /* InstagramTests.m */; };
		4D5D9D1720F3CBC300A0F807 /* InstagramUITests.m in Sources */ = {isa = PBXBuildFile; fileRef = 4D5D9D1620F3CBC300A0F807 /* InstagramUITests.m */; };
/* End PBXBuildFile section */

/* Begin PBXContainerItemProxy section */
		4D5D9D0820F3CBC300A0F807 /* PBXContainerItemProxy */ = {
			isa = PBXContainerItemProxy;
			containerPortal = 4D5D9CE720F3CBC100A0F807 /* Project object */;
			proxyType = 1;
			remoteGlobalIDString = 4D5D9CEE20F3CBC100A0F807;
			remoteInfo = Instagram;
		};
		4D5D9D1320F3CBC300A0F807 /* PBXContainerItemProxy */ = {
			isa = PBXContainerItemProxy;
			containerPortal = 4D5D9CE720F3CBC100A0F807 /* Project object */;
			proxyType = 1;
			remoteGlobalIDString = 4D5D9CEE20F3CBC100A0F807;
			remoteInfo = Instagram;
		};
/* End PBXContainerItemProxy section */

/* Begin PBXFileReference section */
		4D5D9CEF20F3CBC100A0F807 /* Instagram.app */ = {isa = PBXFileReference; explicitFileType = wrapper.application; includeInIndex = 0; path = Instagram.app; sourceTree = BUILT_PRODUCTS_DIR; };
		4D5D9CF220F3CBC100A0F807 /* AppDelegate.h */ = {isa = PBXFileReference; lastKnownFileType = sourcecode.c.h; path = AppDelegate.h; sourceTree = "<group>"; };
		4D5D9CF320F3CBC100A0F807 /* AppDelegate.m */ = {isa = PBXFileReference; lastKnownFileType = sourcecode.c.objc; path = AppDelegate.m; sourceTree = "<group>"; };
		4D5D9CF520F3CBC100A0F807 /* ViewController.h */ = {isa = PBXFileReference; lastKnownFileType = sourcecode.c.h; path = ViewController.h; sourceTree = "<group>"; };
		4D5D9CF620F3CBC100A0F807 /* ViewController.m */ = {isa = PBXFileReference; lastKnownFileType = sourcecode.c.objc; path = ViewController.m; sourceTree = "<group>"; };
		4D5D9CF920F3CBC100A0F807 /* Base */ = {isa = PBXFileReference; lastKnownFileType = file.storyboard; name = Base; path = Base.lproj/Main.storyboard; sourceTree = "<group>"; };
		4D5D9CFB20F3CBC300A0F807 /* Assets.xcassets */ = {isa = PBXFileReference; lastKnownFileType = folder.assetcatalog; path = Assets.xcassets; sourceTree = "<group>"; };
		4D5D9CFE20F3CBC300A0F807 /* Base */ = {isa = PBXFileReference; lastKnownFileType = file.storyboard; name = Base; path = Base.lproj/LaunchScreen.storyboard; sourceTree = "<group>"; };
		4D5D9D0020F3CBC300A0F807 /* Info.plist */ = {isa = PBXFileReference; lastKnownFileType = text.plist.xml; path = Info.plist; sourceTree = "<group>"; };
		4D5D9D0120F3CBC300A0F807 /* main.m */ = {isa = PBXFileReference; lastKnownFileType = sourcecode.c.objc; path = main.m; sourceTree = "<group>"; };
		4D5D9D0720F3CBC300A0F807 /* InstagramTests.xctest */ = {isa = PBXFileReference; explicitFileType = wrapper.cfbundle; includeInIndex = 0; path = InstagramTests.xctest; sourceTree = BUILT_PRODUCTS_DIR; };
		4D5D9D0B20F3CBC300A0F807 /* InstagramTests.m */ = {isa = PBXFileReference; lastKnownFileType = sourcecode.c.objc; path = InstagramTests.m; sourceTree = "<group>"; };
		4D5D9D0D20F3CBC300A0F807 /* Info.plist */ = {isa = PBXFileReference; lastKnownFileType = text.plist.xml; path = Info.plist; sourceTree = "<group>"; };
		4D5D9D1220F3CBC300A0F807 /* InstagramUITests.xctest */ = {isa = PBXFileReference; explicitFileType = wrapper.cfbundle; includeInIndex = 0; path = InstagramUITests.xctest; sourceTree = BUILT_PRODUCTS_DIR; };
		4D5D9D1620F3CBC300A0F807 /* InstagramUITests.m */ = {isa = PBXFileReference; lastKnownFileType = sourcecode.c.objc; path = InstagramUITests.m; sourceTree = "<group>"; };
		4D5D9D1820F3CBC300A0F807 /* Info.plist */ = {isa = PBXFileReference; lastKnownFileType = text.plist.xml; path = Info.plist; sourceTree = "<group>"; };
/* End PBXFileReference section */

/* Begin PBXFrameworksBuildPhase section */
		4D5D9CEC20F3CBC100A0F807 /* Frameworks */ = {
			isa = PBXFrameworksBuildPhase;
			buildActionMask = 2147483647;
			files = (
			);
			runOnlyForDeploymentPostprocessing = 0;
		};
		4D5D9D0420F3CBC300A0F807 /* Frameworks */ = {
			isa = PBXFrameworksBuildPhase;
			buildActionMask = 2147483647;
			files = (
			);
			runOnlyForDeploymentPostprocessing = 0;
		};
		4D5D9D0F20F3CBC300A0F807 /* Frameworks */ = {
			isa = PBXFrameworksBuildPhase;
			buildActionMask = 2147483647;
			files = (
			);
			runOnlyForDeploymentPostprocessing = 0;
		};
/* End PBXFrameworksBuildPhase section */

/* Begin PBXGroup section */
		4D5D9CE620F3CBC100A0F807 = {
			isa = PBXGroup;
			children = (
				4D5D9CF120F3CBC100A0F807 /* Instagram */,
				4D5D9D0A20F3CBC300A0F807 /* InstagramTests */,
				4D5D9D1520F3CBC300A0F807 /* InstagramUITests */,
				4D5D9CF020F3CBC100A0F807 /* Products */,
			);
			sourceTree = "<group>";
		};
		4D5D9CF020F3CBC100A0F807 /* Products */ = {
			isa = PBXGroup;
			children = (
				4D5D9CEF20F3CBC100A0F807 /* Instagram.app */,
				4D5D9D0720F3CBC300A0F807 /* InstagramTests.xctest */,
				4D5D9D1220F3CBC300A0F807 /* InstagramUITests.xctest */,
			);
			name = Products;
			sourceTree = "<group>";
		};
		4D5D9CF120F3CBC100A0F807 /* Instagram */ = {
			isa = PBXGroup;
			children = (
				4D5D9CF220F3CBC100A0F807 /* AppDelegate.h */,
				4D5D9CF320F3CBC100A0F807 /* AppDelegate.m */,
				4D5D9CF520F3CBC100A0F807 /* ViewController.h */,
				4D5D9CF620F3CBC100A0F807 /* ViewController.m */,
				4D5D9CF820F3CBC100A0F807 /* Main.storyboard */,
				4D5D9CFB20F3CBC300A0F807 /* Assets.xcassets */,
				4D5D9CFD20F3CBC300A0F807 /* LaunchScreen.storyboard */,
				4D5D9D0020F3CBC300A0F807 /* Info.plist */,
				4D5D9D0120F3CBC300A0F807 /* main.m */,
			);
			path = Instagram;
			sourceTree = "<group>";
		};
		4D5D9D0A20F3CBC300A0F807 /* InstagramTests */ = {
			isa = PBXGroup;
			children = (
				4D5D9D0B20F3CBC300A0F807 /* InstagramTests.m */,
				4D5D9D0D20F3CBC300A0F807 /* Info.plist */,
			);
			path = InstagramTests;
			sourceTree = "<group>";
		};
		4D5D9D1520F3CBC300A0F807 /* InstagramUITests */ = {
			isa = PBXGroup;
			children = (
				4D5D9D1620F3CBC300A0F807 /* InstagramUITests.m */,
				4D5D9D1820F3CBC300A0F807 /* Info.plist */,
			);
			path = InstagramUITests;
			sourceTree = "<group>";
		};
/* End PBXGroup section */

/* Begin PBXNativeTarget section */
		4D5D9CEE20F3CBC100A0F807 /* Instagram */ = {
			isa = PBXNativeTarget;
			buildConfigurationList = 4D5D9D1B20F3CBC300A0F807 /* Build configuration list for PBXNativeTarget "Instagram" */;
			buildPhases = (
				4D5D9CEB20F3CBC100A0F807 /* Sources */,
				4D5D9CEC20F3CBC100A0F807 /* Frameworks */,
				4D5D9CED20F3CBC100A0F807 /* Resources */,
			);
			buildRules = (
			);
			dependencies = (
			);
			name = Instagram;
			productName = Instagram;
			productReference = 4D5D9CEF20F3CBC100A0F807 /* Instagram.app */;
			productType = "com.apple.product-type.application";
		};
		4D5D9D0620F3CBC300A0F807 /* InstagramTests */ = {
			isa = PBXNativeTarget;
			buildConfigurationList = 4D5D9D1E20F3CBC300A0F807 /* Build configuration list for PBXNativeTarget "InstagramTests" */;
			buildPhases = (
				4D5D9D0320F3CBC300A0F807 /* Sources */,
				4D5D9D0420F3CBC300A0F807 /* Frameworks */,
				4D5D9D0520F3CBC300A0F807 /* Resources */,
			);
			buildRules = (
			);
			dependencies = (
				4D5D9D0920F3CBC300A0F807 /* PBXTargetDependency */,
			);
			name = InstagramTests;
			productName = InstagramTests;
			productReference = 4D5D9D0720F3CBC300A0F807 /* InstagramTests.xctest */;
			productType = "com.apple.product-type.bundle.unit-test";
		};
		4D5D9D1120F3CBC300A0F807 /* InstagramUITests */ = {
			isa = PBXNativeTarget;
			buildConfigurationList = 4D5D9D2120F3CBC300A0F807 /* Build configuration list for PBXNativeTarget "InstagramUITests" */;
			buildPhases = (
				4D5D9D0E20F3CBC300A0F807 /* Sources */,
				4D5D9D0F20F3CBC300A0F807 /* Frameworks */,
				4D5D9D1020F3CBC300A0F807 /* Resources */,
			);
			buildRules = (
			);
			dependencies = (
				4D5D9D1420F3CBC300A0F807 /* PBXTargetDependency */,
			);
			name = InstagramUITests;
			productName = InstagramUITests;
			productReference = 4D5D9D1220F3CBC300A0F807 /* InstagramUITests.xctest */;
			productType = "com.apple.product-type.bundle.ui-testing";
		};
/* End PBXNativeTarget section */

/* Begin PBXProject section */
		4D5D9CE720F3CBC100A0F807 /* Project object */ = {
			isa = PBXProject;
			attributes = {
				LastUpgradeCheck = 0940;
				ORGANIZATIONNAME = "Nicolas Machado";
				TargetAttributes = {
					4D5D9CEE20F3CBC100A0F807 = {
						CreatedOnToolsVersion = 9.4.1;
					};
					4D5D9D0620F3CBC300A0F807 = {
						CreatedOnToolsVersion = 9.4.1;
						TestTargetID = 4D5D9CEE20F3CBC100A0F807;
					};
					4D5D9D1120F3CBC300A0F807 = {
						CreatedOnToolsVersion = 9.4.1;
						TestTargetID = 4D5D9CEE20F3CBC100A0F807;
					};
				};
			};
			buildConfigurationList = 4D5D9CEA20F3CBC100A0F807 /* Build configuration list for PBXProject "Instagram" */;
			compatibilityVersion = "Xcode 9.3";
			developmentRegion = en;
			hasScannedForEncodings = 0;
			knownRegions = (
				en,
				Base,
			);
			mainGroup = 4D5D9CE620F3CBC100A0F807;
			productRefGroup = 4D5D9CF020F3CBC100A0F807 /* Products */;
			projectDirPath = "";
			projectRoot = "";
			targets = (
				4D5D9CEE20F3CBC100A0F807 /* Instagram */,
				4D5D9D0620F3CBC300A0F807 /* InstagramTests */,
				4D5D9D1120F3CBC300A0F807 /* InstagramUITests */,
			);
		};
/* End PBXProject section */

/* Begin PBXResourcesBuildPhase section */
		4D5D9CED20F3CBC100A0F807 /* Resources */ = {
			isa = PBXResourcesBuildPhase;
			buildActionMask = 2147483647;
			files = (
				4D5D9CFF20F3CBC300A0F807 /* LaunchScreen.storyboard in Resources */,
				4D5D9CFC20F3CBC300A0F807 /* Assets.xcassets in Resources */,
				4D5D9CFA20F3CBC100A0F807 /* Main.storyboard in Resources */,
			);
			runOnlyForDeploymentPostprocessing = 0;
		};
		4D5D9D0520F3CBC300A0F807 /* Resources */ = {
			isa = PBXResourcesBuildPhase;
			buildActionMask = 2147483647;
			files = (
			);
			runOnlyForDeploymentPostprocessing = 0;
		};
		4D5D9D1020F3CBC300A0F807 /* Resources */ = {
			isa = PBXResourcesBuildPhase;
			buildActionMask = 2147483647;
			files = (
			);
			runOnlyForDeploymentPostprocessing = 0;
		};
/* End PBXResourcesBuildPhase section */

/* Begin PBXSourcesBuildPhase section */
		4D5D9CEB20F3CBC100A0F807 /* Sources */ = {
			isa = PBXSourcesBuildPhase;
			buildActionMask = 2147483647;
			files = (
				4D5D9CF720F3CBC100A0F807 /* ViewController.m in Sources */,
				4D5D9D0220F3CBC300A0F807 /* main.m in Sources */,
				4D5D9CF420F3CBC100A0F807 /* AppDelegate.m in Sources */,
			);
			runOnlyForDeploymentPostprocessing = 0;
		};
		4D5D9D0320F3CBC300A0F807 /* Sources */ = {
			isa = PBXSourcesBuildPhase;
			buildActionMask = 2147483647;
			files = (
				4D5D9D0C20F3CBC300A0F807 /* InstagramTests.m in Sources */,
			);
			runOnlyForDeploymentPostprocessing = 0;
		};
		4D5D9D0E20F3CBC300A0F807 /* Sources */ = {
			isa = PBXSourcesBuildPhase;
			buildActionMask = 2147483647;
			files = (
				4D5D9D1720F3CBC300A0F807 /* InstagramUITests.m in Sources */,
			);
			runOnlyForDeploymentPostprocessing = 0;
		};
/* End PBXSourcesBuildPhase section */

/* Begin PBXTargetDependency section */
		4D5D9D0920F3CBC300A0F807 /* PBXTargetDependency */ = {
			isa = PBXTargetDependency;
			target = 4D5D9CEE20F3CBC100A0F807 /* Instagram */;
			targetProxy = 4D5D9D0820F3CBC300A0F807 /* PBXContainerItemProxy */;
		};
		4D5D9D1420F3CBC300A0F807 /* PBXTargetDependency */ = {
			isa = PBXTargetDependency;
			target = 4D5D9CEE20F3CBC100A0F807 /* Instagram */;
			targetProxy = 4D5D9D1320F3CBC300A0F807 /* PBXContainerItemProxy */;
		};
/* End PBXTargetDependency section */

/* Begin PBXVariantGroup section */
		4D5D9CF820F3CBC100A0F807 /* Main.storyboard */ = {
			isa = PBXVariantGroup;
			children = (
				4D5D9CF920F3CBC100A0F807 /* Base */,
			);
			name = Main.storyboard;
			sourceTree = "<group>";
		};
		4D5D9CFD20F3CBC300A0F807 /* LaunchScreen.storyboard */ = {
			isa = PBXVariantGroup;
			children = (
				4D5D9CFE20F3CBC300A0F807 /* Base */,
			);
			name = LaunchScreen.storyboard;
			sourceTree = "<group>";
		};
/* End PBXVariantGroup section */

/* Begin XCBuildConfiguration section */
		4D5D9D1920F3CBC300A0F807 /* Debug */ = {
			isa = XCBuildConfiguration;
			buildSettings = {
				ALWAYS_SEARCH_USER_PATHS = NO;
				CLANG_ANALYZER_NONNULL = YES;
				CLANG_ANALYZER_NUMBER_OBJECT_CONVERSION = YES_AGGRESSIVE;
				CLANG_CXX_LANGUAGE_STANDARD = "gnu++14";
				CLANG_CXX_LIBRARY = "libc++";
				CLANG_ENABLE_MODULES = YES;
				CLANG_ENABLE_OBJC_ARC = YES;
				CLANG_ENABLE_OBJC_WEAK = YES;
				CLANG_WARN_BLOCK_CAPTURE_AUTORELEASING = YES;
				CLANG_WARN_BOOL_CONVERSION = YES;
				CLANG_WARN_COMMA = YES;
				CLANG_WARN_CONSTANT_CONVERSION = YES;
				CLANG_WARN_DEPRECATED_OBJC_IMPLEMENTATIONS = YES;
				CLANG_WARN_DIRECT_OBJC_ISA_USAGE = YES_ERROR;
				CLANG_WARN_DOCUMENTATION_COMMENTS = YES;
				CLANG_WARN_EMPTY_BODY = YES;
				CLANG_WARN_ENUM_CONVERSION = YES;
				CLANG_WARN_INFINITE_RECURSION = YES;
				CLANG_WARN_INT_CONVERSION = YES;
				CLANG_WARN_NON_LITERAL_NULL_CONVERSION = YES;
				CLANG_WARN_OBJC_IMPLICIT_RETAIN_SELF = YES;
				CLANG_WARN_OBJC_LITERAL_CONVERSION = YES;
				CLANG_WARN_OBJC_ROOT_CLASS = YES_ERROR;
				CLANG_WARN_RANGE_LOOP_ANALYSIS = YES;
				CLANG_WARN_STRICT_PROTOTYPES = YES;
				CLANG_WARN_SUSPICIOUS_MOVE = YES;
				CLANG_WARN_UNGUARDED_AVAILABILITY = YES_AGGRESSIVE;
				CLANG_WARN_UNREACHABLE_CODE = YES;
				CLANG_WARN__DUPLICATE_METHOD_MATCH = YES;
				CODE_SIGN_IDENTITY = "iPhone Developer";
				COPY_PHASE_STRIP = NO;
				DEBUG_INFORMATION_FORMAT = dwarf;
				ENABLE_STRICT_OBJC_MSGSEND = YES;
				ENABLE_TESTABILITY = YES;
				GCC_C_LANGUAGE_STANDARD = gnu11;
				GCC_DYNAMIC_NO_PIC = NO;
				GCC_NO_COMMON_BLOCKS = YES;
				GCC_OPTIMIZATION_LEVEL = 0;
				GCC_PREPROCESSOR_DEFINITIONS = (
					"DEBUG=1",
					"$(inherited)",
				);
				GCC_WARN_64_TO_32_BIT_CONVERSION = YES;
				GCC_WARN_ABOUT_RETURN_TYPE = YES_ERROR;
				GCC_WARN_UNDECLARED_SELECTOR = YES;
				GCC_WARN_UNINITIALIZED_AUTOS = YES_AGGRESSIVE;
				GCC_WARN_UNUSED_FUNCTION = YES;
				GCC_WARN_UNUSED_VARIABLE = YES;
				IPHONEOS_DEPLOYMENT_TARGET = 11.4;
				MTL_ENABLE_DEBUG_INFO = YES;
				ONLY_ACTIVE_ARCH = YES;
				SDKROOT = iphoneos;
			};
			name = Debug;
		};
		4D5D9D1A20F3CBC300A0F807 /* Release */ = {
			isa = XCBuildConfiguration;
			buildSettings = {
				ALWAYS_SEARCH_USER_PATHS = NO;
				CLANG_ANALYZER_NONNULL = YES;
				CLANG_ANALYZER_NUMBER_OBJECT_CONVERSION = YES_AGGRESSIVE;
				CLANG_CXX_LANGUAGE_STANDARD = "gnu++14";
				CLANG_CXX_LIBRARY = "libc++";
				CLANG_ENABLE_MODULES = YES;
				CLANG_ENABLE_OBJC_ARC = YES;
				CLANG_ENABLE_OBJC_WEAK = YES;
				CLANG_WARN_BLOCK_CAPTURE_AUTORELEASING = YES;
				CLANG_WARN_BOOL_CONVERSION = YES;
				CLANG_WARN_COMMA = YES;
				CLANG_WARN_CONSTANT_CONVERSION = YES;
				CLANG_WARN_DEPRECATED_OBJC_IMPLEMENTATIONS = YES;
				CLANG_WARN_DIRECT_OBJC_ISA_USAGE = YES_ERROR;
				CLANG_WARN_DOCUMENTATION_COMMENTS = YES;
				CLANG_WARN_EMPTY_BODY = YES;
				CLANG_WARN_ENUM_CONVERSION = YES;
				CLANG_WARN_INFINITE_RECURSION = YES;
				CLANG_WARN_INT_CONVERSION = YES;
				CLANG_WARN_NON_LITERAL_NULL_CONVERSION = YES;
				CLANG_WARN_OBJC_IMPLICIT_RETAIN_SELF = YES;
				CLANG_WARN_OBJC_LITERAL_CONVERSION = YES;
				CLANG_WARN_OBJC_ROOT_CLASS = YES_ERROR;
				CLANG_WARN_RANGE_LOOP_ANALYSIS = YES;
				CLANG_WARN_STRICT_PROTOTYPES = YES;
				CLANG_WARN_SUSPICIOUS_MOVE = YES;
				CLANG_WARN_UNGUARDED_AVAILABILITY = YES_AGGRESSIVE;
				CLANG_WARN_UNREACHABLE_CODE = YES;
				CLANG_WARN__DUPLICATE_METHOD_MATCH = YES;
				CODE_SIGN_IDENTITY = "iPhone Developer";
				COPY_PHASE_STRIP = NO;
				DEBUG_INFORMATION_FORMAT = "dwarf-with-dsym";
				ENABLE_NS_ASSERTIONS = NO;
				ENABLE_STRICT_OBJC_MSGSEND = YES;
				GCC_C_LANGUAGE_STANDARD = gnu11;
				GCC_NO_COMMON_BLOCKS = YES;
				GCC_WARN_64_TO_32_BIT_CONVERSION = YES;
				GCC_WARN_ABOUT_RETURN_TYPE = YES_ERROR;
				GCC_WARN_UNDECLARED_SELECTOR = YES;
				GCC_WARN_UNINITIALIZED_AUTOS = YES_AGGRESSIVE;
				GCC_WARN_UNUSED_FUNCTION = YES;
				GCC_WARN_UNUSED_VARIABLE = YES;
				IPHONEOS_DEPLOYMENT_TARGET = 11.4;
				MTL_ENABLE_DEBUG_INFO = NO;
				SDKROOT = iphoneos;
				VALIDATE_PRODUCT = YES;
			};
			name = Release;
		};
		4D5D9D1C20F3CBC300A0F807 /* Debug */ = {
			isa = XCBuildConfiguration;
			buildSettings = {
				ASSETCATALOG_COMPILER_APPICON_NAME = AppIcon;
				CODE_SIGN_STYLE = Automatic;
				DEVELOPMENT_TEAM = PG4FD326ZC;
				INFOPLIST_FILE = Instagram/Info.plist;
				LD_RUNPATH_SEARCH_PATHS = (
					"$(inherited)",
					"@executable_path/Frameworks",
				);
				PRODUCT_BUNDLE_IDENTIFIER = com.facebook.Instagram;
				PRODUCT_NAME = "$(TARGET_NAME)";
				TARGETED_DEVICE_FAMILY = "1,2";
			};
			name = Debug;
		};
		4D5D9D1D20F3CBC300A0F807 /* Release */ = {
			isa = XCBuildConfiguration;
			buildSettings = {
				ASSETCATALOG_COMPILER_APPICON_NAME = AppIcon;
				CODE_SIGN_STYLE = Automatic;
				DEVELOPMENT_TEAM = PG4FD326ZC;
				INFOPLIST_FILE = Instagram/Info.plist;
				LD_RUNPATH_SEARCH_PATHS = (
					"$(inherited)",
					"@executable_path/Frameworks",
				);
				PRODUCT_BUNDLE_IDENTIFIER = com.facebook.Instagram;
				PRODUCT_NAME = "$(TARGET_NAME)";
				TARGETED_DEVICE_FAMILY = "1,2";
			};
			name = Release;
		};
		4D5D9D1F20F3CBC300A0F807 /* Debug */ = {
			isa = XCBuildConfiguration;
			buildSettings = {
				BUNDLE_LOADER = "$(TEST_HOST)";
				CODE_SIGN_STYLE = Automatic;
				DEVELOPMENT_TEAM = PG4FD326ZC;
				INFOPLIST_FILE = InstagramTests/Info.plist;
				LD_RUNPATH_SEARCH_PATHS = (
					"$(inherited)",
					"@executable_path/Frameworks",
					"@loader_path/Frameworks",
				);
				PRODUCT_BUNDLE_IDENTIFIER = com.facebook.InstagramTests;
				PRODUCT_NAME = "$(TARGET_NAME)";
				TARGETED_DEVICE_FAMILY = "1,2";
				TEST_HOST = "$(BUILT_PRODUCTS_DIR)/Instagram.app/Instagram";
			};
			name = Debug;
		};
		4D5D9D2020F3CBC300A0F807 /* Release */ = {
			isa = XCBuildConfiguration;
			buildSettings = {
				BUNDLE_LOADER = "$(TEST_HOST)";
				CODE_SIGN_STYLE = Automatic;
				DEVELOPMENT_TEAM = PG4FD326ZC;
				INFOPLIST_FILE = InstagramTests/Info.plist;
				LD_RUNPATH_SEARCH_PATHS = (
					"$(inherited)",
					"@executable_path/Frameworks",
					"@loader_path/Frameworks",
				);
				PRODUCT_BUNDLE_IDENTIFIER = com.facebook.InstagramTests;
				PRODUCT_NAME = "$(TARGET_NAME)";
				TARGETED_DEVICE_FAMILY = "1,2";
				TEST_HOST = "$(BUILT_PRODUCTS_DIR)/Instagram.app/Instagram";
			};
			name = Release;
		};
		4D5D9D2220F3CBC300A0F807 /* Debug */ = {
			isa = XCBuildConfiguration;
			buildSettings = {
				CODE_SIGN_STYLE = Automatic;
				DEVELOPMENT_TEAM = PG4FD326ZC;
				INFOPLIST_FILE = InstagramUITests/Info.plist;
				LD_RUNPATH_SEARCH_PATHS = (
					"$(inherited)",
					"@executable_path/Frameworks",
					"@loader_path/Frameworks",
				);
				PRODUCT_BUNDLE_IDENTIFIER = com.facebook.InstagramUITests;
				PRODUCT_NAME = "$(TARGET_NAME)";
				TARGETED_DEVICE_FAMILY = "1,2";
				TEST_TARGET_NAME = Instagram;
			};
			name = Debug;
		};
		4D5D9D2320F3CBC300A0F807 /* Release */ = {
			isa = XCBuildConfiguration;
			buildSettings = {
				CODE_SIGN_STYLE = Automatic;
				DEVELOPMENT_TEAM = PG4FD326ZC;
				INFOPLIST_FILE = InstagramUITests/Info.plist;
				LD_RUNPATH_SEARCH_PATHS = (
					"$(inherited)",
					"@executable_path/Frameworks",
					"@loader_path/Frameworks",
				);
				PRODUCT_BUNDLE_IDENTIFIER = com.facebook.InstagramUITests;
				PRODUCT_NAME = "$(TARGET_NAME)";
				TARGETED_DEVICE_FAMILY = "1,2";
				TEST_TARGET_NAME = Instagram;
			};
			name = Release;
		};
/* End XCBuildConfiguration section */

/* Begin XCConfigurationList section */
		4D5D9CEA20F3CBC100A0F807 /* Build configuration list for PBXProject "Instagram" */ = {
			isa = XCConfigurationList;
			buildConfigurations = (
				4D5D9D1920F3CBC300A0F807 /* Debug */,
				4D5D9D1A20F3CBC300A0F807 /* Release */,
			);
			defaultConfigurationIsVisible = 0;
			defaultConfigurationName = Release;
		};
		4D5D9D1B20F3CBC300A0F807 /* Build configuration list for PBXNativeTarget "Instagram" */ = {
			isa = XCConfigurationList;
			buildConfigurations = (
				4D5D9D1C20F3CBC300A0F807 /* Debug */,
				4D5D9D1D20F3CBC300A0F807 /* Release */,
			);
			defaultConfigurationIsVisible = 0;
			defaultConfigurationName = Release;
		};
		4D5D9D1E20F3CBC300A0F807 /* Build configuration list for PBXNativeTarget "InstagramTests" */ = {
			isa = XCConfigurationList;
			buildConfigurations = (
				4D5D9D1F20F3CBC300A0F807 /* Debug */,
				4D5D9D2020F3CBC300A0F807 /* Release */,
			);
			defaultConfigurationIsVisible = 0;
			defaultConfigurationName = Release;
		};
		4D5D9D2120F3CBC300A0F807 /* Build configuration list for PBXNativeTarget "InstagramUITests" */ = {
			isa = XCConfigurationList;
			buildConfigurations = (
				4D5D9D2220F3CBC300A0F807 /* Debug */,
				4D5D9D2320F3CBC300A0F807 /* Release */,
			);
			defaultConfigurationIsVisible = 0;
			defaultConfigurationName = Release;
		};
/* End XCConfigurationList section */
	};
	rootObject = 4D5D9CE720F3CBC100A0F807 /* Project object */;
}
